
Microsoft Visual Studio Solution File, Format Version 12.00
# Visual Studio Version 16
VisualStudioVersion = 16.0.32901.82
MinimumVisualStudioVersion = 10.0.40219.1
Project("{FAE04EC0-301F-11D3-BF4B-00C04F79EFBC}") = "Labyrinth", "Labyrinth.csproj", "{3440FF7A-E9D8-46C7-82AD-5B91E60C3602}"
EndProject
Global
	GlobalSection(SolutionConfigurationPlatforms) = preSolution
		Debug|Any CPU = Debug|Any CPU
		Release|Any CPU = Release|Any CPU
	EndGlobalSection
	GlobalSection(ProjectConfigurationPlatforms) = postSolution
		{3440FF7A-E9D8-46C7-82AD-5B91E60C3602}.Debug|Any CPU.ActiveCfg = Debug|Any CPU
		{3440FF7A-E9D8-46C7-82AD-5B91E60C3602}.Debug|Any CPU.Build.0 = Debug|Any CPU
		{3440FF7A-E9D8-46C7-82AD-5B91E60C3602}.Release|Any CPU.ActiveCfg = Release|Any CPU
		{3440FF7A-E9D8-46C7-82AD-5B91E60C3602}.Release|Any CPU.Build.0 = Release|Any CPU
	EndGlobalSection
	GlobalSection(SolutionProperties) = preSolution
		HideSolutionNode = FALSE
	EndGlobalSection
	GlobalSection(ExtensibilityGlobals) = postSolution
		SolutionGuid = {CE542B94-B9D6-4935-A737-36B82CAEA927}
	EndGlobalSection
EndGlobal
