
Microsoft Visual Studio Solution File, Format Version 12.00
# Visual Studio Version 16
VisualStudioVersion = 16.0.32901.82
MinimumVisualStudioVersion = 10.0.40219.1
Project("{FAE04EC0-301F-11D3-BF4B-00C04F79EFBC}") = "Projet_Formation", "Projet_Formation.csproj", "{C47B700E-1171-4EEA-A42C-06900C23168A}"
EndProject
Global
	GlobalSection(SolutionConfigurationPlatforms) = preSolution
		Debug|Any CPU = Debug|Any CPU
		Release|Any CPU = Release|Any CPU
	EndGlobalSection
	GlobalSection(ProjectConfigurationPlatforms) = postSolution
		{C47B700E-1171-4EEA-A42C-06900C23168A}.Debug|Any CPU.ActiveCfg = Debug|Any CPU
		{C47B700E-1171-4EEA-A42C-06900C23168A}.Debug|Any CPU.Build.0 = Debug|Any CPU
		{C47B700E-1171-4EEA-A42C-06900C23168A}.Release|Any CPU.ActiveCfg = Release|Any CPU
		{C47B700E-1171-4EEA-A42C-06900C23168A}.Release|Any CPU.Build.0 = Release|Any CPU
	EndGlobalSection
	GlobalSection(SolutionProperties) = preSolution
		HideSolutionNode = FALSE
	EndGlobalSection
	GlobalSection(ExtensibilityGlobals) = postSolution
		SolutionGuid = {DA1ADBEB-2563-45B8-95AA-08B7A8BB7348}
	EndGlobalSection
EndGlobal
